// !$*UTF8*$!
{
	archiveVersion = 1;
	classes = {
	};
	objectVersion = 55;
	objects = {

/* Begin PBXBuildFile section */
		049FFF4629A3A12500DBF735 /* AppDelegate.swift in Sources */ = {isa = PBXBuildFile; fileRef = 049FFF4529A3A12500DBF735 /* AppDelegate.swift */; };
		049FFF4829A3A12500DBF735 /* SceneDelegate.swift in Sources */ = {isa = PBXBuildFile; fileRef = 049FFF4729A3A12500DBF735 /* SceneDelegate.swift */; };
		049FFF4A29A3A12500DBF735 /* ViewController.swift in Sources */ = {isa = PBXBuildFile; fileRef = 049FFF4929A3A12500DBF735 /* ViewController.swift */; };
		049FFF4D29A3A12500DBF735 /* Main.storyboard in Resources */ = {isa = PBXBuildFile; fileRef = 049FFF4B29A3A12500DBF735 /* Main.storyboard */; };
		049FFF4F29A3A12800DBF735 /* Assets.xcassets in Resources */ = {isa = PBXBuildFile; fileRef = 049FFF4E29A3A12800DBF735 /* Assets.xcassets */; };
		049FFF5229A3A12800DBF735 /* LaunchScreen.storyboard in Resources */ = {isa = PBXBuildFile; fileRef = 049FFF5029A3A12800DBF735 /* LaunchScreen.storyboard */; };
		34B96E9B7F92F9A2C0075F5E /* Pods_myGoogleMap.framework in Frameworks */ = {isa = PBXBuildFile; fileRef = ABFC1F8D2BBDF6B3B8F80326 /* Pods_myGoogleMap.framework */; };
/* End PBXBuildFile section */

/* Begin PBXFileReference section */
		049FFF4229A3A12500DBF735 /* myGoogleMap.app */ = {isa = PBXFileReference; explicitFileType = wrapper.application; includeInIndex = 0; path = myGoogleMap.app; sourceTree = BUILT_PRODUCTS_DIR; };
		049FFF4529A3A12500DBF735 /* AppDelegate.swift */ = {isa = PBXFileReference; lastKnownFileType = sourcecode.swift; path = AppDelegate.swift; sourceTree = "<group>"; };
		049FFF4729A3A12500DBF735 /* SceneDelegate.swift */ = {isa = PBXFileReference; lastKnownFileType = sourcecode.swift; path = SceneDelegate.swift; sourceTree = "<group>"; };
		049FFF4929A3A12500DBF735 /* ViewController.swift */ = {isa = PBXFileReference; lastKnownFileType = sourcecode.swift; path = ViewController.swift; sourceTree = "<group>"; };
		049FFF4C29A3A12500DBF735 /* Base */ = {isa = PBXFileReference; lastKnownFileType = file.storyboard; name = Base; path = Base.lproj/Main.storyboard; sourceTree = "<group>"; };
		049FFF4E29A3A12800DBF735 /* Assets.xcassets */ = {isa = PBXFileReference; lastKnownFileType = folder.assetcatalog; path = Assets.xcassets; sourceTree = "<group>"; };
		049FFF5129A3A12800DBF735 /* Base */ = {isa = PBXFileReference; lastKnownFileType = file.storyboard; name = Base; path = Base.lproj/LaunchScreen.storyboard; sourceTree = "<group>"; };
		049FFF5329A3A12800DBF735 /* Info.plist */ = {isa = PBXFileReference; lastKnownFileType = text.plist.xml; path = Info.plist; sourceTree = "<group>"; };
		ABE6BFC80A0F28EFD1E44947 /* Pods-myGoogleMap.debug.xcconfig */ = {isa = PBXFileReference; includeInIndex = 1; lastKnownFileType = text.xcconfig; name = "Pods-myGoogleMap.debug.xcconfig"; path = "Target Support Files/Pods-myGoogleMap/Pods-myGoogleMap.debug.xcconfig"; sourceTree = "<group>"; };
		ABFC1F8D2BBDF6B3B8F80326 /* Pods_myGoogleMap.framework */ = {isa = PBXFileReference; explicitFileType = wrapper.framework; includeInIndex = 0; path = Pods_myGoogleMap.framework; sourceTree = BUILT_PRODUCTS_DIR; };
		B05B1926BD55FCF2CD22F97C /* Pods-myGoogleMap.release.xcconfig */ = {isa = PBXFileReference; includeInIndex = 1; lastKnownFileType = text.xcconfig; name = "Pods-myGoogleMap.release.xcconfig"; path = "Target Support Files/Pods-myGoogleMap/Pods-myGoogleMap.release.xcconfig"; sourceTree = "<group>"; };
/* End PBXFileReference section */

/* Begin PBXFrameworksBuildPhase section */
		049FFF3F29A3A12500DBF735 /* Frameworks */ = {
			isa = PBXFrameworksBuildPhase;
			buildActionMask = 2147483647;
			files = (
				34B96E9B7F92F9A2C0075F5E /* Pods_myGoogleMap.framework in Frameworks */,
			);
			runOnlyForDeploymentPostprocessing = 0;
		};
/* End PBXFrameworksBuildPhase section */

/* Begin PBXGroup section */
		049FFF3929A3A12500DBF735 = {
			isa = PBXGroup;
			children = (
				049FFF4429A3A12500DBF735 /* myGoogleMap */,
				049FFF4329A3A12500DBF735 /* Products */,
				4F6743AB93220AFA6C30E839 /* Pods */,
				B76914879DE9755224E1FB52 /* Frameworks */,
			);
			sourceTree = "<group>";
		};
		049FFF4329A3A12500DBF735 /* Products */ = {
			isa = PBXGroup;
			children = (
				049FFF4229A3A12500DBF735 /* myGoogleMap.app */,
			);
			name = Products;
			sourceTree = "<group>";
		};
		049FFF4429A3A12500DBF735 /* myGoogleMap */ = {
			isa = PBXGroup;
			children = (
				049FFF4529A3A12500DBF735 /* AppDelegate.swift */,
				049FFF4729A3A12500DBF735 /* SceneDelegate.swift */,
				049FFF4929A3A12500DBF735 /* ViewController.swift */,
				049FFF4B29A3A12500DBF735 /* Main.storyboard */,
				049FFF4E29A3A12800DBF735 /* Assets.xcassets */,
				049FFF5029A3A12800DBF735 /* LaunchScreen.storyboard */,
				049FFF5329A3A12800DBF735 /* Info.plist */,
			);
			path = myGoogleMap;
			sourceTree = "<group>";
		};
		4F6743AB93220AFA6C30E839 /* Pods */ = {
			isa = PBXGroup;
			children = (
				ABE6BFC80A0F28EFD1E44947 /* Pods-myGoogleMap.debug.xcconfig */,
				B05B1926BD55FCF2CD22F97C /* Pods-myGoogleMap.release.xcconfig */,
			);
			name = Pods;
			path = Pods;
			sourceTree = "<group>";
		};
		B76914879DE9755224E1FB52 /* Frameworks */ = {
			isa = PBXGroup;
			children = (
				ABFC1F8D2BBDF6B3B8F80326 /* Pods_myGoogleMap.framework */,
			);
			name = Frameworks;
			sourceTree = "<group>";
		};
/* End PBXGroup section */

/* Begin PBXNativeTarget section */
		049FFF4129A3A12500DBF735 /* myGoogleMap */ = {
			isa = PBXNativeTarget;
			buildConfigurationList = 049FFF5629A3A12800DBF735 /* Build configuration list for PBXNativeTarget "myGoogleMap" */;
			buildPhases = (
				72EC68E4FD761E4A9F4145FD /* [CP] Check Pods Manifest.lock */,
				049FFF3E29A3A12500DBF735 /* Sources */,
				049FFF3F29A3A12500DBF735 /* Frameworks */,
				049FFF4029A3A12500DBF735 /* Resources */,
				D364EEAC7E615741A5A049BB /* [CP] Copy Pods Resources */,
			);
			buildRules = (
			);
			dependencies = (
			);
			name = myGoogleMap;
			productName = myGoogleMap;
			productReference = 049FFF4229A3A12500DBF735 /* myGoogleMap.app */;
			productType = "com.apple.product-type.application";
		};
/* End PBXNativeTarget section */

/* Begin PBXProject section */
		049FFF3A29A3A12500DBF735 /* Project object */ = {
			isa = PBXProject;
			attributes = {
				BuildIndependentTargetsInParallel = 1;
				LastSwiftUpdateCheck = 1340;
				LastUpgradeCheck = 1340;
				TargetAttributes = {
					049FFF4129A3A12500DBF735 = {
						CreatedOnToolsVersion = 13.4.1;
					};
				};
			};
			buildConfigurationList = 049FFF3D29A3A12500DBF735 /* Build configuration list for PBXProject "myGoogleMap" */;
			compatibilityVersion = "Xcode 13.0";
			developmentRegion = en;
			hasScannedForEncodings = 0;
			knownRegions = (
				en,
				Base,
			);
			mainGroup = 049FFF3929A3A12500DBF735;
			productRefGroup = 049FFF4329A3A12500DBF735 /* Products */;
			projectDirPath = "";
			projectRoot = "";
			targets = (
				049FFF4129A3A12500DBF735 /* myGoogleMap */,
			);
		};
/* End PBXProject section */

/* Begin PBXResourcesBuildPhase section */
		049FFF4029A3A12500DBF735 /* Resources */ = {
			isa = PBXResourcesBuildPhase;
			buildActionMask = 2147483647;
			files = (
				049FFF5229A3A12800DBF735 /* LaunchScreen.storyboard in Resources */,
				049FFF4F29A3A12800DBF735 /* Assets.xcassets in Resources */,
				049FFF4D29A3A12500DBF735 /* Main.storyboard in Resources */,
			);
			runOnlyForDeploymentPostprocessing = 0;
		};
/* End PBXResourcesBuildPhase section */

/* Begin PBXShellScriptBuildPhase section */
		72EC68E4FD761E4A9F4145FD /* [CP] Check Pods Manifest.lock */ = {
			isa = PBXShellScriptBuildPhase;
			buildActionMask = 2147483647;
			files = (
			);
			inputFileListPaths = (
			);
			inputPaths = (
				"${PODS_PODFILE_DIR_PATH}/Podfile.lock",
				"${PODS_ROOT}/Manifest.lock",
			);
			name = "[CP] Check Pods Manifest.lock";
			outputFileListPaths = (
			);
			outputPaths = (
				"$(DERIVED_FILE_DIR)/Pods-myGoogleMap-checkManifestLockResult.txt",
			);
			runOnlyForDeploymentPostprocessing = 0;
			shellPath = /bin/sh;
			shellScript = "diff \"${PODS_PODFILE_DIR_PATH}/Podfile.lock\" \"${PODS_ROOT}/Manifest.lock\" > /dev/null\nif [ $? != 0 ] ; then\n    # print error to STDERR\n    echo \"error: The sandbox is not in sync with the Podfile.lock. Run 'pod install' or update your CocoaPods installation.\" >&2\n    exit 1\nfi\n# This output is used by Xcode 'outputs' to avoid re-running this script phase.\necho \"SUCCESS\" > \"${SCRIPT_OUTPUT_FILE_0}\"\n";
			showEnvVarsInLog = 0;
		};
		D364EEAC7E615741A5A049BB /* [CP] Copy Pods Resources */ = {
			isa = PBXShellScriptBuildPhase;
			buildActionMask = 2147483647;
			files = (
			);
			inputFileListPaths = (
				"${PODS_ROOT}/Target Support Files/Pods-myGoogleMap/Pods-myGoogleMap-resources-${CONFIGURATION}-input-files.xcfilelist",
			);
			name = "[CP] Copy Pods Resources";
			outputFileListPaths = (
				"${PODS_ROOT}/Target Support Files/Pods-myGoogleMap/Pods-myGoogleMap-resources-${CONFIGURATION}-output-files.xcfilelist",
			);
			runOnlyForDeploymentPostprocessing = 0;
			shellPath = /bin/sh;
			shellScript = "\"${PODS_ROOT}/Target Support Files/Pods-myGoogleMap/Pods-myGoogleMap-resources.sh\"\n";
			showEnvVarsInLog = 0;
		};
/* End PBXShellScriptBuildPhase section */

/* Begin PBXSourcesBuildPhase section */
		049FFF3E29A3A12500DBF735 /* Sources */ = {
			isa = PBXSourcesBuildPhase;
			buildActionMask = 2147483647;
			files = (
				049FFF4A29A3A12500DBF735 /* ViewController.swift in Sources */,
				049FFF4629A3A12500DBF735 /* AppDelegate.swift in Sources */,
				049FFF4829A3A12500DBF735 /* SceneDelegate.swift in Sources */,
			);
			runOnlyForDeploymentPostprocessing = 0;
		};
/* End PBXSourcesBuildPhase section */

/* Begin PBXVariantGroup section */
		049FFF4B29A3A12500DBF735 /* Main.storyboard */ = {
			isa = PBXVariantGroup;
			children = (
				049FFF4C29A3A12500DBF735 /* Base */,
			);
			name = Main.storyboard;
			sourceTree = "<group>";
		};
		049FFF5029A3A12800DBF735 /* LaunchScreen.storyboard */ = {
			isa = PBXVariantGroup;
			children = (
				049FFF5129A3A12800DBF735 /* Base */,
			);
			name = LaunchScreen.storyboard;
			sourceTree = "<group>";
		};
/* End PBXVariantGroup section */

/* Begin XCBuildConfiguration section */
		049FFF5429A3A12800DBF735 /* Debug */ = {
			isa = XCBuildConfiguration;
			buildSettings = {
				ALWAYS_SEARCH_USER_PATHS = NO;
				CLANG_ANALYZER_NONNULL = YES;
				CLANG_ANALYZER_NUMBER_OBJECT_CONVERSION = YES_AGGRESSIVE;
				CLANG_CXX_LANGUAGE_STANDARD = "gnu++17";
				CLANG_ENABLE_MODULES = YES;
				CLANG_ENABLE_OBJC_ARC = YES;
				CLANG_ENABLE_OBJC_WEAK = YES;
				CLANG_WARN_BLOCK_CAPTURE_AUTORELEASING = YES;
				CLANG_WARN_BOOL_CONVERSION = YES;
				CLANG_WARN_COMMA = YES;
				CLANG_WARN_CONSTANT_CONVERSION = YES;
				CLANG_WARN_DEPRECATED_OBJC_IMPLEMENTATIONS = YES;
				CLANG_WARN_DIRECT_OBJC_ISA_USAGE = YES_ERROR;
				CLANG_WARN_DOCUMENTATION_COMMENTS = YES;
				CLANG_WARN_EMPTY_BODY = YES;
				CLANG_WARN_ENUM_CONVERSION = YES;
				CLANG_WARN_INFINITE_RECURSION = YES;
				CLANG_WARN_INT_CONVERSION = YES;
				CLANG_WARN_NON_LITERAL_NULL_CONVERSION = YES;
				CLANG_WARN_OBJC_IMPLICIT_RETAIN_SELF = YES;
				CLANG_WARN_OBJC_LITERAL_CONVERSION = YES;
				CLANG_WARN_OBJC_ROOT_CLASS = YES_ERROR;
				CLANG_WARN_QUOTED_INCLUDE_IN_FRAMEWORK_HEADER = YES;
				CLANG_WARN_RANGE_LOOP_ANALYSIS = YES;
				CLANG_WARN_STRICT_PROTOTYPES = YES;
				CLANG_WARN_SUSPICIOUS_MOVE = YES;
				CLANG_WARN_UNGUARDED_AVAILABILITY = YES_AGGRESSIVE;
				CLANG_WARN_UNREACHABLE_CODE = YES;
				CLANG_WARN__DUPLICATE_METHOD_MATCH = YES;
				COPY_PHASE_STRIP = NO;
				DEBUG_INFORMATION_FORMAT = dwarf;
				ENABLE_STRICT_OBJC_MSGSEND = YES;
				ENABLE_TESTABILITY = YES;
				GCC_C_LANGUAGE_STANDARD = gnu11;
				GCC_DYNAMIC_NO_PIC = NO;
				GCC_NO_COMMON_BLOCKS = YES;
				GCC_OPTIMIZATION_LEVEL = 0;
				GCC_PREPROCESSOR_DEFINITIONS = (
					"DEBUG=1",
					"$(inherited)",
				);
				GCC_WARN_64_TO_32_BIT_CONVERSION = YES;
				GCC_WARN_ABOUT_RETURN_TYPE = YES_ERROR;
				GCC_WARN_UNDECLARED_SELECTOR = YES;
				GCC_WARN_UNINITIALIZED_AUTOS = YES_AGGRESSIVE;
				GCC_WARN_UNUSED_FUNCTION = YES;
				GCC_WARN_UNUSED_VARIABLE = YES;
				IPHONEOS_DEPLOYMENT_TARGET = 15.5;
				MTL_ENABLE_DEBUG_INFO = INCLUDE_SOURCE;
				MTL_FAST_MATH = YES;
				ONLY_ACTIVE_ARCH = YES;
				SDKROOT = iphoneos;
				SWIFT_ACTIVE_COMPILATION_CONDITIONS = DEBUG;
				SWIFT_OPTIMIZATION_LEVEL = "-Onone";
			};
			name = Debug;
		};
		049FFF5529A3A12800DBF735 /* Release */ = {
			isa = XCBuildConfiguration;
			buildSettings = {
				ALWAYS_SEARCH_USER_PATHS = NO;
				CLANG_ANALYZER_NONNULL = YES;
				CLANG_ANALYZER_NUMBER_OBJECT_CONVERSION = YES_AGGRESSIVE;
				CLANG_CXX_LANGUAGE_STANDARD = "gnu++17";
				CLANG_ENABLE_MODULES = YES;
				CLANG_ENABLE_OBJC_ARC = YES;
				CLANG_ENABLE_OBJC_WEAK = YES;
				CLANG_WARN_BLOCK_CAPTURE_AUTORELEASING = YES;
				CLANG_WARN_BOOL_CONVERSION = YES;
				CLANG_WARN_COMMA = YES;
				CLANG_WARN_CONSTANT_CONVERSION = YES;
				CLANG_WARN_DEPRECATED_OBJC_IMPLEMENTATIONS = YES;
				CLANG_WARN_DIRECT_OBJC_ISA_USAGE = YES_ERROR;
				CLANG_WARN_DOCUMENTATION_COMMENTS = YES;
				CLANG_WARN_EMPTY_BODY = YES;
				CLANG_WARN_ENUM_CONVERSION = YES;
				CLANG_WARN_INFINITE_RECURSION = YES;
				CLANG_WARN_INT_CONVERSION = YES;
				CLANG_WARN_NON_LITERAL_NULL_CONVERSION = YES;
				CLANG_WARN_OBJC_IMPLICIT_RETAIN_SELF = YES;
				CLANG_WARN_OBJC_LITERAL_CONVERSION = YES;
				CLANG_WARN_OBJC_ROOT_CLASS = YES_ERROR;
				CLANG_WARN_QUOTED_INCLUDE_IN_FRAMEWORK_HEADER = YES;
				CLANG_WARN_RANGE_LOOP_ANALYSIS = YES;
				CLANG_WARN_STRICT_PROTOTYPES = YES;
				CLANG_WARN_SUSPICIOUS_MOVE = YES;
				CLANG_WARN_UNGUARDED_AVAILABILITY = YES_AGGRESSIVE;
				CLANG_WARN_UNREACHABLE_CODE = YES;
				CLANG_WARN__DUPLICATE_METHOD_MATCH = YES;
				COPY_PHASE_STRIP = NO;
				DEBUG_INFORMATION_FORMAT = "dwarf-with-dsym";
				ENABLE_NS_ASSERTIONS = NO;
				ENABLE_STRICT_OBJC_MSGSEND = YES;
				GCC_C_LANGUAGE_STANDARD = gnu11;
				GCC_NO_COMMON_BLOCKS = YES;
				GCC_WARN_64_TO_32_BIT_CONVERSION = YES;
				GCC_WARN_ABOUT_RETURN_TYPE = YES_ERROR;
				GCC_WARN_UNDECLARED_SELECTOR = YES;
				GCC_WARN_UNINITIALIZED_AUTOS = YES_AGGRESSIVE;
				GCC_WARN_UNUSED_FUNCTION = YES;
				GCC_WARN_UNUSED_VARIABLE = YES;
				IPHONEOS_DEPLOYMENT_TARGET = 15.5;
				MTL_ENABLE_DEBUG_INFO = NO;
				MTL_FAST_MATH = YES;
				SDKROOT = iphoneos;
				SWIFT_COMPILATION_MODE = wholemodule;
				SWIFT_OPTIMIZATION_LEVEL = "-O";
				VALIDATE_PRODUCT = YES;
			};
			name = Release;
		};
		049FFF5729A3A12800DBF735 /* Debug */ = {
			isa = XCBuildConfiguration;
			baseConfigurationReference = ABE6BFC80A0F28EFD1E44947 /* Pods-myGoogleMap.debug.xcconfig */;
			buildSettings = {
				ASSETCATALOG_COMPILER_APPICON_NAME = AppIcon;
				ASSETCATALOG_COMPILER_GLOBAL_ACCENT_COLOR_NAME = AccentColor;
				CODE_SIGN_STYLE = Automatic;
				CURRENT_PROJECT_VERSION = 1;
				GENERATE_INFOPLIST_FILE = YES;
				INFOPLIST_FILE = myGoogleMap/Info.plist;
				INFOPLIST_KEY_UIApplicationSupportsIndirectInputEvents = YES;
				INFOPLIST_KEY_UILaunchStoryboardName = LaunchScreen;
				INFOPLIST_KEY_UIMainStoryboardFile = Main;
				INFOPLIST_KEY_UISupportedInterfaceOrientations_iPad = "UIInterfaceOrientationPortrait UIInterfaceOrientationPortraitUpsideDown UIInterfaceOrientationLandscapeLeft UIInterfaceOrientationLandscapeRight";
				INFOPLIST_KEY_UISupportedInterfaceOrientations_iPhone = "UIInterfaceOrientationPortrait UIInterfaceOrientationLandscapeLeft UIInterfaceOrientationLandscapeRight";
				LD_RUNPATH_SEARCH_PATHS = (
					"$(inherited)",
					"@executable_path/Frameworks",
				);
				MARKETING_VERSION = 1.0;
				PRODUCT_BUNDLE_IDENTIFIER = com.Mayuri.myGoogleMap;
				PRODUCT_NAME = "$(TARGET_NAME)";
				SWIFT_EMIT_LOC_STRINGS = YES;
				SWIFT_VERSION = 5.0;
				TARGETED_DEVICE_FAMILY = "1,2";
			};
			name = Debug;
		};
		049FFF5829A3A12800DBF735 /* Release */ = {
			isa = XCBuildConfiguration;
			baseConfigurationReference = B05B1926BD55FCF2CD22F97C /* Pods-myGoogleMap.release.xcconfig */;
			buildSettings = {
				ASSETCATALOG_COMPILER_APPICON_NAME = AppIcon;
				ASSETCATALOG_COMPILER_GLOBAL_ACCENT_COLOR_NAME = AccentColor;
				CODE_SIGN_STYLE = Automatic;
				CURRENT_PROJECT_VERSION = 1;
				GENERATE_INFOPLIST_FILE = YES;
				INFOPLIST_FILE = myGoogleMap/Info.plist;
				INFOPLIST_KEY_UIApplicationSupportsIndirectInputEvents = YES;
				INFOPLIST_KEY_UILaunchStoryboardName = LaunchScreen;
				INFOPLIST_KEY_UIMainStoryboardFile = Main;
				INFOPLIST_KEY_UISupportedInterfaceOrientations_iPad = "UIInterfaceOrientationPortrait UIInterfaceOrientationPortraitUpsideDown UIInterfaceOrientationLandscapeLeft UIInterfaceOrientationLandscapeRight";
				INFOPLIST_KEY_UISupportedInterfaceOrientations_iPhone = "UIInterfaceOrientationPortrait UIInterfaceOrientationLandscapeLeft UIInterfaceOrientationLandscapeRight";
				LD_RUNPATH_SEARCH_PATHS = (
					"$(inherited)",
					"@executable_path/Frameworks",
				);
				MARKETING_VERSION = 1.0;
				PRODUCT_BUNDLE_IDENTIFIER = com.Mayuri.myGoogleMap;
				PRODUCT_NAME = "$(TARGET_NAME)";
				SWIFT_EMIT_LOC_STRINGS = YES;
				SWIFT_VERSION = 5.0;
				TARGETED_DEVICE_FAMILY = "1,2";
			};
			name = Release;
		};
/* End XCBuildConfiguration section */

/* Begin XCConfigurationList section */
		049FFF3D29A3A12500DBF735 /* Build configuration list for PBXProject "myGoogleMap" */ = {
			isa = XCConfigurationList;
			buildConfigurations = (
				049FFF5429A3A12800DBF735 /* Debug */,
				049FFF5529A3A12800DBF735 /* Release */,
			);
			defaultConfigurationIsVisible = 0;
			defaultConfigurationName = Release;
		};
		049FFF5629A3A12800DBF735 /* Build configuration list for PBXNativeTarget "myGoogleMap" */ = {
			isa = XCConfigurationList;
			buildConfigurations = (
				049FFF5729A3A12800DBF735 /* Debug */,
				049FFF5829A3A12800DBF735 /* Release */,
			);
			defaultConfigurationIsVisible = 0;
			defaultConfigurationName = Release;
		};
/* End XCConfigurationList section */
	};
	rootObject = 049FFF3A29A3A12500DBF735 /* Project object */;
}
